{
    "name": "scichart-addons",
    "version": "0.0.1",
    "lockfileVersion": 3,
    "requires": true,
    "packages": {
        "": {
            "name": "scichart-addons",
            "version": "0.0.1",
            "license": "ISC",
            "dependencies": {
                "scichart": "^4.0.923"
            }
        },
        "node_modules/scichart": {
            "version": "4.0.923",
            "resolved": "https://registry.npmjs.org/scichart/-/scichart-4.0.923.tgz",
            "integrity": "sha512-deuc4FJIPdu7ahKaVHUJi/AaLu4YWXlOiiDIkMWEWiARe+cCckUane3UrFh39IBZNSV055usNrCs2RtJRj1UBw==",
            "license": "https://www.scichart.com/scichart-eula"
        }
    }
}
