{
    "name": "scichart-addons",
    "version": "0.0.1",
    "lockfileVersion": 3,
    "requires": true,
    "packages": {
        "": {
            "name": "scichart-addons",
            "version": "0.0.1",
            "license": "ISC",
            "peerDependencies": {
                "scichart": "5.0.170"
            }
        },
        "node_modules/scichart": {
            "version": "5.0.170",
            "resolved": "https://registry.npmjs.org/scichart/-/scichart-5.0.170.tgz",
            "integrity": "sha512-rsUmceDtCI+7ImuziyGg6FxjbPLIm3cu4hvKozN8B62CC25I96qd6h2YtHPIMNaXeIu0gh5X3D9QRY2zFUJtag==",
            "license": "https://www.scichart.com/scichart-eula",
            "peer": true
        }
    }
}
