{
  "name": "SciChart",
  "lockfileVersion": 3,
  "requires": true,
  "packages": {
    "": {
      "dependencies": {
        "scichart": "5.2.10",
        "scichart-financial-tools": "5.2.10"
      }
    },
    "node_modules/scichart": {
      "version": "5.2.10",
      "resolved": "https://www.myget.org/F/abtsoftware-bleeding-edge/npm/scichart/-/scichart-5.2.10.tgz",
      "integrity": "sha1-K9TGHdbzlxjNAn8Z4PxuQ5JDAeM=",
      "license": "https://www.scichart.com/scichart-eula"
    },
    "node_modules/scichart-financial-tools": {
      "version": "5.2.10",
      "resolved": "https://www.myget.org/F/abtsoftware-bleeding-edge/npm/scichart-financial-tools/-/scichart-financial-tools-5.2.10.tgz",
      "integrity": "sha1-m8Uy8h6TFMSP9MmtapcD5IDwbZ0=",
      "license": "https://www.scichart.com/scichart-eula",
      "peerDependencies": {
        "scichart": "^5.2.10"
      }
    }
  }
}
