
Microsoft Visual Studio Solution File, Format Version 12.00
# Visual Studio Version 16
VisualStudioVersion = 16.0.30907.101
MinimumVisualStudioVersion = 10.0.40219.1
Project("{9A19103F-16F7-4668-BE54-9A1E7A4F7556}") = "SciChartDemo.Client", "SciChartDemo.Client\SciChartDemo.Client.csproj", "{3AA31B46-F621-417A-8319-D2C90F63104B}"
EndProject
Project("{2150E333-8FDC-42A3-9474-1A3956D46DE8}") = "Solution Items", "Solution Items", "{FEE780BE-07FE-4B0B-8FF0-4809CE916F4F}"
	ProjectSection(SolutionItems) = preProject
		README.md = README.md
	EndProjectSection
EndProject
Global
	GlobalSection(SolutionConfigurationPlatforms) = preSolution
		Debug|Any CPU = Debug|Any CPU
		Release|Any CPU = Release|Any CPU
	EndGlobalSection
	GlobalSection(ProjectConfigurationPlatforms) = postSolution
		{3AA31B46-F621-417A-8319-D2C90F63104B}.Debug|Any CPU.ActiveCfg = Debug|Any CPU
		{3AA31B46-F621-417A-8319-D2C90F63104B}.Debug|Any CPU.Build.0 = Debug|Any CPU
		{3AA31B46-F621-417A-8319-D2C90F63104B}.Release|Any CPU.ActiveCfg = Release|Any CPU
		{3AA31B46-F621-417A-8319-D2C90F63104B}.Release|Any CPU.Build.0 = Release|Any CPU
	EndGlobalSection
	GlobalSection(SolutionProperties) = preSolution
		HideSolutionNode = FALSE
	EndGlobalSection
	GlobalSection(ExtensibilityGlobals) = postSolution
		SolutionGuid = {8D003DD5-1C7B-4303-92C8-1D3A112E5B94}
	EndGlobalSection
EndGlobal
